
Microsoft Visual Studio Solution File, Format Version 12.00
# Visual Studio Version 16
VisualStudioVersion = 16.0.30523.141
MinimumVisualStudioVersion = 10.0.40219.1
Project("{FAE04EC0-301F-11D3-BF4B-00C04F79EFBC}") = "Calian_Claudiu_Lab10.Android", "Calian_Claudiu_Lab10\Calian_Claudiu_Lab10.Android\Calian_Claudiu_Lab10.Android.csproj", "{EAF01F10-C12F-41B6-9BE8-4E05CD2871DF}"
EndProject
Project("{FAE04EC0-301F-11D3-BF4B-00C04F79EFBC}") = "Calian_Claudiu_Lab10.iOS", "Calian_Claudiu_Lab10\Calian_Claudiu_Lab10.iOS\Calian_Claudiu_Lab10.iOS.csproj", "{534774D0-A8AB-4049-87AB-3348F1FC80D3}"
EndProject
Project("{FAE04EC0-301F-11D3-BF4B-00C04F79EFBC}") = "Calian_Claudiu_Lab10", "Calian_Claudiu_Lab10\Calian_Claudiu_Lab10\Calian_Claudiu_Lab10.csproj", "{2C4C36F8-8616-4C9A-B41D-94B2F48352C7}"
EndProject
Global
	GlobalSection(SolutionConfigurationPlatforms) = preSolution
		Debug|Any CPU = Debug|Any CPU
		Debug|iPhone = Debug|iPhone
		Debug|iPhoneSimulator = Debug|iPhoneSimulator
		Release|Any CPU = Release|Any CPU
		Release|iPhone = Release|iPhone
		Release|iPhoneSimulator = Release|iPhoneSimulator
	EndGlobalSection
	GlobalSection(ProjectConfigurationPlatforms) = postSolution
		{EAF01F10-C12F-41B6-9BE8-4E05CD2871DF}.Debug|Any CPU.ActiveCfg = Debug|Any CPU
		{EAF01F10-C12F-41B6-9BE8-4E05CD2871DF}.Debug|Any CPU.Build.0 = Debug|Any CPU
		{EAF01F10-C12F-41B6-9BE8-4E05CD2871DF}.Debug|Any CPU.Deploy.0 = Debug|Any CPU
		{EAF01F10-C12F-41B6-9BE8-4E05CD2871DF}.Debug|iPhone.ActiveCfg = Debug|Any CPU
		{EAF01F10-C12F-41B6-9BE8-4E05CD2871DF}.Debug|iPhone.Build.0 = Debug|Any CPU
		{EAF01F10-C12F-41B6-9BE8-4E05CD2871DF}.Debug|iPhone.Deploy.0 = Debug|Any CPU
		{EAF01F10-C12F-41B6-9BE8-4E05CD2871DF}.Debug|iPhoneSimulator.ActiveCfg = Debug|Any CPU
		{EAF01F10-C12F-41B6-9BE8-4E05CD2871DF}.Debug|iPhoneSimulator.Build.0 = Debug|Any CPU
		{EAF01F10-C12F-41B6-9BE8-4E05CD2871DF}.Debug|iPhoneSimulator.Deploy.0 = Debug|Any CPU
		{EAF01F10-C12F-41B6-9BE8-4E05CD2871DF}.Release|Any CPU.ActiveCfg = Release|Any CPU
		{EAF01F10-C12F-41B6-9BE8-4E05CD2871DF}.Release|Any CPU.Build.0 = Release|Any CPU
		{EAF01F10-C12F-41B6-9BE8-4E05CD2871DF}.Release|Any CPU.Deploy.0 = Release|Any CPU
		{EAF01F10-C12F-41B6-9BE8-4E05CD2871DF}.Release|iPhone.ActiveCfg = Release|Any CPU
		{EAF01F10-C12F-41B6-9BE8-4E05CD2871DF}.Release|iPhone.Build.0 = Release|Any CPU
		{EAF01F10-C12F-41B6-9BE8-4E05CD2871DF}.Release|iPhone.Deploy.0 = Release|Any CPU
		{EAF01F10-C12F-41B6-9BE8-4E05CD2871DF}.Release|iPhoneSimulator.ActiveCfg = Release|Any CPU
		{EAF01F10-C12F-41B6-9BE8-4E05CD2871DF}.Release|iPhoneSimulator.Build.0 = Release|Any CPU
		{EAF01F10-C12F-41B6-9BE8-4E05CD2871DF}.Release|iPhoneSimulator.Deploy.0 = Release|Any CPU
		{534774D0-A8AB-4049-87AB-3348F1FC80D3}.Debug|Any CPU.ActiveCfg = Debug|iPhone
		{534774D0-A8AB-4049-87AB-3348F1FC80D3}.Debug|Any CPU.Build.0 = Debug|iPhone
		{534774D0-A8AB-4049-87AB-3348F1FC80D3}.Debug|Any CPU.Deploy.0 = Debug|iPhone
		{534774D0-A8AB-4049-87AB-3348F1FC80D3}.Debug|iPhone.ActiveCfg = Debug|iPhone
		{534774D0-A8AB-4049-87AB-3348F1FC80D3}.Debug|iPhone.Build.0 = Debug|iPhone
		{534774D0-A8AB-4049-87AB-3348F1FC80D3}.Debug|iPhone.Deploy.0 = Debug|iPhone
		{534774D0-A8AB-4049-87AB-3348F1FC80D3}.Debug|iPhoneSimulator.ActiveCfg = Debug|iPhoneSimulator
		{534774D0-A8AB-4049-87AB-3348F1FC80D3}.Debug|iPhoneSimulator.Build.0 = Debug|iPhoneSimulator
		{534774D0-A8AB-4049-87AB-3348F1FC80D3}.Debug|iPhoneSimulator.Deploy.0 = Debug|iPhoneSimulator
		{534774D0-A8AB-4049-87AB-3348F1FC80D3}.Release|Any CPU.ActiveCfg = Release|iPhoneSimulator
		{534774D0-A8AB-4049-87AB-3348F1FC80D3}.Release|Any CPU.Build.0 = Release|iPhoneSimulator
		{534774D0-A8AB-4049-87AB-3348F1FC80D3}.Release|Any CPU.Deploy.0 = Release|iPhoneSimulator
		{534774D0-A8AB-4049-87AB-3348F1FC80D3}.Release|iPhone.ActiveCfg = Release|iPhone
		{534774D0-A8AB-4049-87AB-3348F1FC80D3}.Release|iPhone.Build.0 = Release|iPhone
		{534774D0-A8AB-4049-87AB-3348F1FC80D3}.Release|iPhone.Deploy.0 = Release|iPhone
		{534774D0-A8AB-4049-87AB-3348F1FC80D3}.Release|iPhoneSimulator.ActiveCfg = Release|iPhoneSimulator
		{534774D0-A8AB-4049-87AB-3348F1FC80D3}.Release|iPhoneSimulator.Build.0 = Release|iPhoneSimulator
		{534774D0-A8AB-4049-87AB-3348F1FC80D3}.Release|iPhoneSimulator.Deploy.0 = Release|iPhoneSimulator
		{2C4C36F8-8616-4C9A-B41D-94B2F48352C7}.Debug|Any CPU.ActiveCfg = Debug|Any CPU
		{2C4C36F8-8616-4C9A-B41D-94B2F48352C7}.Debug|Any CPU.Build.0 = Debug|Any CPU
		{2C4C36F8-8616-4C9A-B41D-94B2F48352C7}.Debug|Any CPU.Deploy.0 = Debug|Any CPU
		{2C4C36F8-8616-4C9A-B41D-94B2F48352C7}.Debug|iPhone.ActiveCfg = Debug|Any CPU
		{2C4C36F8-8616-4C9A-B41D-94B2F48352C7}.Debug|iPhone.Build.0 = Debug|Any CPU
		{2C4C36F8-8616-4C9A-B41D-94B2F48352C7}.Debug|iPhone.Deploy.0 = Debug|Any CPU
		{2C4C36F8-8616-4C9A-B41D-94B2F48352C7}.Debug|iPhoneSimulator.ActiveCfg = Debug|Any CPU
		{2C4C36F8-8616-4C9A-B41D-94B2F48352C7}.Debug|iPhoneSimulator.Build.0 = Debug|Any CPU
		{2C4C36F8-8616-4C9A-B41D-94B2F48352C7}.Debug|iPhoneSimulator.Deploy.0 = Debug|Any CPU
		{2C4C36F8-8616-4C9A-B41D-94B2F48352C7}.Release|Any CPU.ActiveCfg = Release|Any CPU
		{2C4C36F8-8616-4C9A-B41D-94B2F48352C7}.Release|Any CPU.Build.0 = Release|Any CPU
		{2C4C36F8-8616-4C9A-B41D-94B2F48352C7}.Release|Any CPU.Deploy.0 = Release|Any CPU
		{2C4C36F8-8616-4C9A-B41D-94B2F48352C7}.Release|iPhone.ActiveCfg = Release|Any CPU
		{2C4C36F8-8616-4C9A-B41D-94B2F48352C7}.Release|iPhone.Build.0 = Release|Any CPU
		{2C4C36F8-8616-4C9A-B41D-94B2F48352C7}.Release|iPhone.Deploy.0 = Release|Any CPU
		{2C4C36F8-8616-4C9A-B41D-94B2F48352C7}.Release|iPhoneSimulator.ActiveCfg = Release|Any CPU
		{2C4C36F8-8616-4C9A-B41D-94B2F48352C7}.Release|iPhoneSimulator.Build.0 = Release|Any CPU
		{2C4C36F8-8616-4C9A-B41D-94B2F48352C7}.Release|iPhoneSimulator.Deploy.0 = Release|Any CPU
	EndGlobalSection
	GlobalSection(SolutionProperties) = preSolution
		HideSolutionNode = FALSE
	EndGlobalSection
	GlobalSection(ExtensibilityGlobals) = postSolution
		SolutionGuid = {1D26EBC5-9697-4CB1-9F29-F4791AFFEF4D}
	EndGlobalSection
EndGlobal
